{
  "name": "elm",
  "lockfileVersion": 3,
  "requires": true,
  "packages": {
    "": {
      "dependencies": {
        "@cef-ebsi/vcdm1.1-europass-edc-schema": "^2.1.0"
      }
    },
    "node_modules/@cef-ebsi/vcdm1.1-attestation-schema": {
      "version": "1.3.0",
      "resolved": "https://registry.npmjs.org/@cef-ebsi/vcdm1.1-attestation-schema/-/vcdm1.1-attestation-schema-1.3.0.tgz",
      "integrity": "sha512-A8ol6bUOGdYFeAWRAg8WMymgCtzQXRXP5S6zi7JB8o4VU3ICylRqYcQM83BHwmZNGF+uwRwEmkIGX9Z0kF9dDg=="
    },
    "node_modules/@cef-ebsi/vcdm1.1-europass-edc-schema": {
      "version": "2.1.0",
      "resolved": "https://registry.npmjs.org/@cef-ebsi/vcdm1.1-europass-edc-schema/-/vcdm1.1-europass-edc-schema-2.1.0.tgz",
      "integrity": "sha512-u6EYG9GVVysb/WX6Z6JebEsg/BfP6jkFtpe6YrTEvQJLIza7iH4UPVXL4hzh8f9uE4A+7I0CJJGFZqTvo7Vl6g==",
      "dependencies": {
        "@cef-ebsi/vcdm1.1-attestation-schema": "1.3.0"
      }
    }
  }
}
